
Microsoft Visual Studio Solution File, Format Version 12.00
# Visual Studio Version 16
VisualStudioVersion = 16.0.29806.167
MinimumVisualStudioVersion = 10.0.40219.1
Project("{6EC3EE1D-3C4E-46DD-8F32-0CC8E7565705}") = "scripts", "build\scripts\scripts.fsproj", "{4779DD6F-AE49-4A80-9F67-D9F2DB05E557}"
EndProject
Project("{2150E333-8FDC-42A3-9474-1A3956D46DE8}") = "src", "src", "{7610B796-BB3E-4CB2-8296-79BBFF6D23FC}"
	ProjectSection(SolutionItems) = preProject
		src\Directory.Build.props = src\Directory.Build.props
	EndProjectSection
EndProject
Project("{2150E333-8FDC-42A3-9474-1A3956D46DE8}") = "tests", "tests", "{3582B07D-C2B0-49CC-B676-EAF806EB010E}"
EndProject
Project("{2150E333-8FDC-42A3-9474-1A3956D46DE8}") = "build", "build", "{441B3323-3651-4B6E-95B3-7CD43E5E223A}"
	ProjectSection(SolutionItems) = preProject
		.editorconfig = .editorconfig
		.gitattributes = .gitattributes
		.gitignore = .gitignore
		build.bat = build.bat
		build.sh = build.sh
		.github\workflows\ci.yml = .github\workflows\ci.yml
		Directory.Build.props = Directory.Build.props
		global.json = global.json
		license.txt = license.txt
		README.md = README.md
	EndProjectSection
EndProject
Project("{9A19103F-16F7-4668-BE54-9A1E7A4F7556}") = "Elastic.Transport", "src\Elastic.Transport\Elastic.Transport.csproj", "{AEA02F7D-682E-4124-B12B-3543938C1A03}"
EndProject
Project("{9A19103F-16F7-4668-BE54-9A1E7A4F7556}") = "Elastic.Transport.VirtualizedCluster", "src\Elastic.Transport.VirtualizedCluster\Elastic.Transport.VirtualizedCluster.csproj", "{9B54DFFE-2B86-4F04-A9C4-5DE12FBADD77}"
EndProject
Project("{9A19103F-16F7-4668-BE54-9A1E7A4F7556}") = "Elastic.Transport.Tests", "tests\Elastic.Transport.Tests\Elastic.Transport.Tests.csproj", "{79EAF3D6-87AE-49F0-8928-07EBA2876A75}"
EndProject
Project("{2150E333-8FDC-42A3-9474-1A3956D46DE8}") = "benchmarks", "benchmarks", "{BBB0AC81-F09D-4895-84E2-7E933D608E78}"
EndProject
Project("{9A19103F-16F7-4668-BE54-9A1E7A4F7556}") = "Elastic.Transport.Benchmarks", "benchmarks\Elastic.Transport.Benchmarks\Elastic.Transport.Benchmarks.csproj", "{DABC7F0B-6174-4B2D-8F17-5E36C1CE43EF}"
EndProject
Project("{FAE04EC0-301F-11D3-BF4B-00C04F79EFBC}") = "Elastic.Transport.IntegrationTests", "tests\Elastic.Transport.IntegrationTests\Elastic.Transport.IntegrationTests.csproj", "{3B27DE76-1188-4078-8828-67AFD39BAC10}"
EndProject
Global
	GlobalSection(SolutionConfigurationPlatforms) = preSolution
		Debug|Any CPU = Debug|Any CPU
		Release|Any CPU = Release|Any CPU
	EndGlobalSection
	GlobalSection(ProjectConfigurationPlatforms) = postSolution
		{4779DD6F-AE49-4A80-9F67-D9F2DB05E557}.Debug|Any CPU.ActiveCfg = Debug|Any CPU
		{4779DD6F-AE49-4A80-9F67-D9F2DB05E557}.Debug|Any CPU.Build.0 = Debug|Any CPU
		{4779DD6F-AE49-4A80-9F67-D9F2DB05E557}.Release|Any CPU.ActiveCfg = Release|Any CPU
		{4779DD6F-AE49-4A80-9F67-D9F2DB05E557}.Release|Any CPU.Build.0 = Release|Any CPU
		{AEA02F7D-682E-4124-B12B-3543938C1A03}.Debug|Any CPU.ActiveCfg = Debug|Any CPU
		{AEA02F7D-682E-4124-B12B-3543938C1A03}.Debug|Any CPU.Build.0 = Debug|Any CPU
		{AEA02F7D-682E-4124-B12B-3543938C1A03}.Release|Any CPU.ActiveCfg = Release|Any CPU
		{AEA02F7D-682E-4124-B12B-3543938C1A03}.Release|Any CPU.Build.0 = Release|Any CPU
		{9B54DFFE-2B86-4F04-A9C4-5DE12FBADD77}.Debug|Any CPU.ActiveCfg = Debug|Any CPU
		{9B54DFFE-2B86-4F04-A9C4-5DE12FBADD77}.Debug|Any CPU.Build.0 = Debug|Any CPU
		{9B54DFFE-2B86-4F04-A9C4-5DE12FBADD77}.Release|Any CPU.ActiveCfg = Release|Any CPU
		{9B54DFFE-2B86-4F04-A9C4-5DE12FBADD77}.Release|Any CPU.Build.0 = Release|Any CPU
		{79EAF3D6-87AE-49F0-8928-07EBA2876A75}.Debug|Any CPU.ActiveCfg = Debug|Any CPU
		{79EAF3D6-87AE-49F0-8928-07EBA2876A75}.Debug|Any CPU.Build.0 = Debug|Any CPU
		{79EAF3D6-87AE-49F0-8928-07EBA2876A75}.Release|Any CPU.ActiveCfg = Release|Any CPU
		{79EAF3D6-87AE-49F0-8928-07EBA2876A75}.Release|Any CPU.Build.0 = Release|Any CPU
		{DABC7F0B-6174-4B2D-8F17-5E36C1CE43EF}.Debug|Any CPU.ActiveCfg = Debug|Any CPU
		{DABC7F0B-6174-4B2D-8F17-5E36C1CE43EF}.Debug|Any CPU.Build.0 = Debug|Any CPU
		{DABC7F0B-6174-4B2D-8F17-5E36C1CE43EF}.Release|Any CPU.ActiveCfg = Release|Any CPU
		{DABC7F0B-6174-4B2D-8F17-5E36C1CE43EF}.Release|Any CPU.Build.0 = Release|Any CPU
		{3B27DE76-1188-4078-8828-67AFD39BAC10}.Debug|Any CPU.ActiveCfg = Debug|Any CPU
		{3B27DE76-1188-4078-8828-67AFD39BAC10}.Debug|Any CPU.Build.0 = Debug|Any CPU
		{3B27DE76-1188-4078-8828-67AFD39BAC10}.Release|Any CPU.ActiveCfg = Release|Any CPU
		{3B27DE76-1188-4078-8828-67AFD39BAC10}.Release|Any CPU.Build.0 = Release|Any CPU
	EndGlobalSection
	GlobalSection(SolutionProperties) = preSolution
		HideSolutionNode = FALSE
	EndGlobalSection
	GlobalSection(NestedProjects) = preSolution
		{4779DD6F-AE49-4A80-9F67-D9F2DB05E557} = {441B3323-3651-4B6E-95B3-7CD43E5E223A}
		{AEA02F7D-682E-4124-B12B-3543938C1A03} = {7610B796-BB3E-4CB2-8296-79BBFF6D23FC}
		{9B54DFFE-2B86-4F04-A9C4-5DE12FBADD77} = {7610B796-BB3E-4CB2-8296-79BBFF6D23FC}
		{79EAF3D6-87AE-49F0-8928-07EBA2876A75} = {3582B07D-C2B0-49CC-B676-EAF806EB010E}
		{DABC7F0B-6174-4B2D-8F17-5E36C1CE43EF} = {BBB0AC81-F09D-4895-84E2-7E933D608E78}
		{3B27DE76-1188-4078-8828-67AFD39BAC10} = {3582B07D-C2B0-49CC-B676-EAF806EB010E}
	EndGlobalSection
	GlobalSection(ExtensibilityGlobals) = postSolution
		SolutionGuid = {7F60C4BB-6216-4E50-B1E4-9C38EB484843}
	EndGlobalSection
EndGlobal
